
Microsoft Visual Studio Solution File, Format Version 12.00
# Visual Studio Version 16
VisualStudioVersion = 16.0.30114.105
MinimumVisualStudioVersion = 10.0.40219.1
Project("{FAE04EC0-301F-11D3-BF4B-00C04F79EFBC}") = "Todo.Domain", "Todo.Domain\Todo.Domain.csproj", "{63D5F77B-79CF-4752-8F6B-1E266CC9089F}"
EndProject
Project("{FAE04EC0-301F-11D3-BF4B-00C04F79EFBC}") = "Todo.Domain.Api", "Todo.Domain.Api\Todo.Domain.Api.csproj", "{BFB9FA16-6386-467D-8062-B6CAA19A48E8}"
EndProject
Project("{FAE04EC0-301F-11D3-BF4B-00C04F79EFBC}") = "Todo.Domain.Infra", "Todo.Domain.Infra\Todo.Domain.Infra.csproj", "{8224DBF8-7E9A-4475-A4DD-7E40A00A5704}"
EndProject
Project("{FAE04EC0-301F-11D3-BF4B-00C04F79EFBC}") = "Todo.Domain.Tests", "Todo.Domain.Tests\Todo.Domain.Tests.csproj", "{B08101BB-04A2-4FF5-922A-AC03885B0722}"
EndProject
Global
	GlobalSection(SolutionConfigurationPlatforms) = preSolution
		Debug|Any CPU = Debug|Any CPU
		Debug|x64 = Debug|x64
		Debug|x86 = Debug|x86
		Release|Any CPU = Release|Any CPU
		Release|x64 = Release|x64
		Release|x86 = Release|x86
	EndGlobalSection
	GlobalSection(SolutionProperties) = preSolution
		HideSolutionNode = FALSE
	EndGlobalSection
	GlobalSection(ProjectConfigurationPlatforms) = postSolution
		{63D5F77B-79CF-4752-8F6B-1E266CC9089F}.Debug|Any CPU.ActiveCfg = Debug|Any CPU
		{63D5F77B-79CF-4752-8F6B-1E266CC9089F}.Debug|Any CPU.Build.0 = Debug|Any CPU
		{63D5F77B-79CF-4752-8F6B-1E266CC9089F}.Debug|x64.ActiveCfg = Debug|Any CPU
		{63D5F77B-79CF-4752-8F6B-1E266CC9089F}.Debug|x64.Build.0 = Debug|Any CPU
		{63D5F77B-79CF-4752-8F6B-1E266CC9089F}.Debug|x86.ActiveCfg = Debug|Any CPU
		{63D5F77B-79CF-4752-8F6B-1E266CC9089F}.Debug|x86.Build.0 = Debug|Any CPU
		{63D5F77B-79CF-4752-8F6B-1E266CC9089F}.Release|Any CPU.ActiveCfg = Release|Any CPU
		{63D5F77B-79CF-4752-8F6B-1E266CC9089F}.Release|Any CPU.Build.0 = Release|Any CPU
		{63D5F77B-79CF-4752-8F6B-1E266CC9089F}.Release|x64.ActiveCfg = Release|Any CPU
		{63D5F77B-79CF-4752-8F6B-1E266CC9089F}.Release|x64.Build.0 = Release|Any CPU
		{63D5F77B-79CF-4752-8F6B-1E266CC9089F}.Release|x86.ActiveCfg = Release|Any CPU
		{63D5F77B-79CF-4752-8F6B-1E266CC9089F}.Release|x86.Build.0 = Release|Any CPU
		{BFB9FA16-6386-467D-8062-B6CAA19A48E8}.Debug|Any CPU.ActiveCfg = Debug|Any CPU
		{BFB9FA16-6386-467D-8062-B6CAA19A48E8}.Debug|Any CPU.Build.0 = Debug|Any CPU
		{BFB9FA16-6386-467D-8062-B6CAA19A48E8}.Debug|x64.ActiveCfg = Debug|Any CPU
		{BFB9FA16-6386-467D-8062-B6CAA19A48E8}.Debug|x64.Build.0 = Debug|Any CPU
		{BFB9FA16-6386-467D-8062-B6CAA19A48E8}.Debug|x86.ActiveCfg = Debug|Any CPU
		{BFB9FA16-6386-467D-8062-B6CAA19A48E8}.Debug|x86.Build.0 = Debug|Any CPU
		{BFB9FA16-6386-467D-8062-B6CAA19A48E8}.Release|Any CPU.ActiveCfg = Release|Any CPU
		{BFB9FA16-6386-467D-8062-B6CAA19A48E8}.Release|Any CPU.Build.0 = Release|Any CPU
		{BFB9FA16-6386-467D-8062-B6CAA19A48E8}.Release|x64.ActiveCfg = Release|Any CPU
		{BFB9FA16-6386-467D-8062-B6CAA19A48E8}.Release|x64.Build.0 = Release|Any CPU
		{BFB9FA16-6386-467D-8062-B6CAA19A48E8}.Release|x86.ActiveCfg = Release|Any CPU
		{BFB9FA16-6386-467D-8062-B6CAA19A48E8}.Release|x86.Build.0 = Release|Any CPU
		{8224DBF8-7E9A-4475-A4DD-7E40A00A5704}.Debug|Any CPU.ActiveCfg = Debug|Any CPU
		{8224DBF8-7E9A-4475-A4DD-7E40A00A5704}.Debug|Any CPU.Build.0 = Debug|Any CPU
		{8224DBF8-7E9A-4475-A4DD-7E40A00A5704}.Debug|x64.ActiveCfg = Debug|Any CPU
		{8224DBF8-7E9A-4475-A4DD-7E40A00A5704}.Debug|x64.Build.0 = Debug|Any CPU
		{8224DBF8-7E9A-4475-A4DD-7E40A00A5704}.Debug|x86.ActiveCfg = Debug|Any CPU
		{8224DBF8-7E9A-4475-A4DD-7E40A00A5704}.Debug|x86.Build.0 = Debug|Any CPU
		{8224DBF8-7E9A-4475-A4DD-7E40A00A5704}.Release|Any CPU.ActiveCfg = Release|Any CPU
		{8224DBF8-7E9A-4475-A4DD-7E40A00A5704}.Release|Any CPU.Build.0 = Release|Any CPU
		{8224DBF8-7E9A-4475-A4DD-7E40A00A5704}.Release|x64.ActiveCfg = Release|Any CPU
		{8224DBF8-7E9A-4475-A4DD-7E40A00A5704}.Release|x64.Build.0 = Release|Any CPU
		{8224DBF8-7E9A-4475-A4DD-7E40A00A5704}.Release|x86.ActiveCfg = Release|Any CPU
		{8224DBF8-7E9A-4475-A4DD-7E40A00A5704}.Release|x86.Build.0 = Release|Any CPU
		{B08101BB-04A2-4FF5-922A-AC03885B0722}.Debug|Any CPU.ActiveCfg = Debug|Any CPU
		{B08101BB-04A2-4FF5-922A-AC03885B0722}.Debug|Any CPU.Build.0 = Debug|Any CPU
		{B08101BB-04A2-4FF5-922A-AC03885B0722}.Debug|x64.ActiveCfg = Debug|Any CPU
		{B08101BB-04A2-4FF5-922A-AC03885B0722}.Debug|x64.Build.0 = Debug|Any CPU
		{B08101BB-04A2-4FF5-922A-AC03885B0722}.Debug|x86.ActiveCfg = Debug|Any CPU
		{B08101BB-04A2-4FF5-922A-AC03885B0722}.Debug|x86.Build.0 = Debug|Any CPU
		{B08101BB-04A2-4FF5-922A-AC03885B0722}.Release|Any CPU.ActiveCfg = Release|Any CPU
		{B08101BB-04A2-4FF5-922A-AC03885B0722}.Release|Any CPU.Build.0 = Release|Any CPU
		{B08101BB-04A2-4FF5-922A-AC03885B0722}.Release|x64.ActiveCfg = Release|Any CPU
		{B08101BB-04A2-4FF5-922A-AC03885B0722}.Release|x64.Build.0 = Release|Any CPU
		{B08101BB-04A2-4FF5-922A-AC03885B0722}.Release|x86.ActiveCfg = Release|Any CPU
		{B08101BB-04A2-4FF5-922A-AC03885B0722}.Release|x86.Build.0 = Release|Any CPU
	EndGlobalSection
EndGlobal
